
Microsoft Visual Studio Solution File, Format Version 12.00
# Visual Studio Version 17
VisualStudioVersion = 17.5.33502.453
MinimumVisualStudioVersion = 10.0.40219.1
Project("{FAE04EC0-301F-11D3-BF4B-00C04F79EFBC}") = "Models", "Models\Models.csproj", "{C4E2C223-62FF-441A-8A7E-9C456666827B}"
EndProject
Global
	GlobalSection(SolutionConfigurationPlatforms) = preSolution
		Debug|Any CPU = Debug|Any CPU
		Release|Any CPU = Release|Any CPU
	EndGlobalSection
	GlobalSection(ProjectConfigurationPlatforms) = postSolution
		{C4E2C223-62FF-441A-8A7E-9C456666827B}.Debug|Any CPU.ActiveCfg = Debug|Any CPU
		{C4E2C223-62FF-441A-8A7E-9C456666827B}.Debug|Any CPU.Build.0 = Debug|Any CPU
		{C4E2C223-62FF-441A-8A7E-9C456666827B}.Release|Any CPU.ActiveCfg = Release|Any CPU
		{C4E2C223-62FF-441A-8A7E-9C456666827B}.Release|Any CPU.Build.0 = Release|Any CPU
	EndGlobalSection
	GlobalSection(SolutionProperties) = preSolution
		HideSolutionNode = FALSE
	EndGlobalSection
	GlobalSection(ExtensibilityGlobals) = postSolution
		SolutionGuid = {6CB447A2-F30A-4429-8C5E-A32FD6BF574C}
	EndGlobalSection
EndGlobal
